
Microsoft Visual Studio Solution File, Format Version 12.00
# Visual Studio Version 17
VisualStudioVersion = 17.3.32929.385
MinimumVisualStudioVersion = 10.0.40219.1
Project("{FAE04EC0-301F-11D3-BF4B-00C04F79EFBC}") = "Odev3", "Odev3\Odev3.csproj", "{73712596-198C-45FF-A82F-010C82D4BE44}"
EndProject
Global
	GlobalSection(SolutionConfigurationPlatforms) = preSolution
		Debug|Any CPU = Debug|Any CPU
		Release|Any CPU = Release|Any CPU
	EndGlobalSection
	GlobalSection(ProjectConfigurationPlatforms) = postSolution
		{73712596-198C-45FF-A82F-010C82D4BE44}.Debug|Any CPU.ActiveCfg = Debug|Any CPU
		{73712596-198C-45FF-A82F-010C82D4BE44}.Debug|Any CPU.Build.0 = Debug|Any CPU
		{73712596-198C-45FF-A82F-010C82D4BE44}.Release|Any CPU.ActiveCfg = Release|Any CPU
		{73712596-198C-45FF-A82F-010C82D4BE44}.Release|Any CPU.Build.0 = Release|Any CPU
	EndGlobalSection
	GlobalSection(SolutionProperties) = preSolution
		HideSolutionNode = FALSE
	EndGlobalSection
	GlobalSection(ExtensibilityGlobals) = postSolution
		SolutionGuid = {05E4D443-1583-428F-919B-895C301574EA}
	EndGlobalSection
EndGlobal
